
Microsoft Visual Studio Solution File, Format Version 12.00
# Visual Studio Version 17
VisualStudioVersion = 17.0.32014.148
MinimumVisualStudioVersion = 10.0.40219.1
Project("{FAE04EC0-301F-11D3-BF4B-00C04F79EFBC}") = "WebApi", "WebApi\WebApi.csproj", "{0FE9352D-8E93-4982-A45E-BB6801B3BE82}"
EndProject
Global
	GlobalSection(SolutionConfigurationPlatforms) = preSolution
		Debug|Any CPU = Debug|Any CPU
		Release|Any CPU = Release|Any CPU
	EndGlobalSection
	GlobalSection(ProjectConfigurationPlatforms) = postSolution
		{0FE9352D-8E93-4982-A45E-BB6801B3BE82}.Debug|Any CPU.ActiveCfg = Debug|Any CPU
		{0FE9352D-8E93-4982-A45E-BB6801B3BE82}.Debug|Any CPU.Build.0 = Debug|Any CPU
		{0FE9352D-8E93-4982-A45E-BB6801B3BE82}.Release|Any CPU.ActiveCfg = Release|Any CPU
		{0FE9352D-8E93-4982-A45E-BB6801B3BE82}.Release|Any CPU.Build.0 = Release|Any CPU
	EndGlobalSection
	GlobalSection(SolutionProperties) = preSolution
		HideSolutionNode = FALSE
	EndGlobalSection
	GlobalSection(ExtensibilityGlobals) = postSolution
		SolutionGuid = {6766DC3A-D0BD-4354-BC0B-2ACACF661D1D}
	EndGlobalSection
EndGlobal
